{
  "version": 4,
  "terraform_version": "1.9.8",
  "serial": 33,
  "lineage": "1f58d83b-97fa-bda1-ec2a-e560b8f913c3",
  "outputs": {},
  "resources": [
    {
      "mode": "managed",
      "type": "argocd_project",
      "name": "myproject",
      "provider": "provider[\"registry.terraform.io/argoproj-labs/argocd\"]",
      "instances": [
        {
          "schema_version": 2,
          "attributes": {
            "id": "myproject",
            "metadata": [
              {
                "annotations": {
                  "this.is.a.really.long.nested.key": "yes, really!"
                },
                "generation": 3,
                "labels": {
                  "acceptance": "true"
                },
                "name": "myproject",
                "namespace": "argocd",
                "resource_version": "59144832",
                "uid": "cd50c1d2-d3c5-474e-8552-b457b29b392d"
              }
            ],
            "spec": [
              {
                "cluster_resource_blacklist": [],
                "cluster_resource_whitelist": [],
                "description": "Infra Prokect",
                "destination": [
                  {
                    "name": "",
                    "namespace": "kube-system",
                    "server": "https://kubernetes.default.svc"
                  }
                ],
                "namespace_resource_blacklist": [],
                "namespace_resource_whitelist": [],
                "orphaned_resources": [],
                "role": [],
                "signature_keys": [],
                "source_namespaces": [
                  "argocd"
                ],
                "source_repos": [
                  "*"
                ],
                "sync_window": []
              }
            ]
          },
          "sensitive_attributes": [],
          "private": "eyJzY2hlbWFfdmVyc2lvbiI6IjIifQ=="
        }
      ]
    },
    {
      "mode": "managed",
      "type": "helm_release",
      "name": "argocd",
      "provider": "provider[\"registry.terraform.io/hashicorp/helm\"]",
      "instances": [
        {
          "schema_version": 1,
          "attributes": {
            "atomic": false,
            "chart": "argo-cd",
            "cleanup_on_fail": false,
            "create_namespace": true,
            "dependency_update": false,
            "description": null,
            "devel": null,
            "disable_crd_hooks": false,
            "disable_openapi_validation": false,
            "disable_webhooks": false,
            "force_update": false,
            "id": "argocd",
            "keyring": null,
            "lint": false,
            "manifest": null,
            "max_history": 0,
            "metadata": [
              {
                "app_version": "v2.10.0",
                "chart": "argo-cd",
                "first_deployed": 1730202087,
                "last_deployed": 1730813170,
                "name": "argocd",
                "namespace": "argocd",
                "notes": "In order to access the server UI you have the following options:\n\n1. kubectl port-forward service/argocd-server -n argocd 8080:443\n\n    and then open the browser on http://localhost:8080 and accept the certificate\n\n2. enable ingress in the values file `server.ingress.enabled` and either\n      - Add the annotation for ssl passthrough: https://argo-cd.readthedocs.io/en/stable/operator-manual/ingress/#option-1-ssl-passthrough\n      - Set the `configs.params.\"server.insecure\"` in the values file and terminate SSL at your ingress: https://argo-cd.readthedocs.io/en/stable/operator-manual/ingress/#option-2-multiple-ingress-objects-and-hosts\n\n\nAfter reaching the UI the first time you can login with username: admin and the random password generated during the installation. You can find the password by running:\n\nkubectl -n argocd get secret argocd-initial-admin-secret -o jsonpath=\"{.data.password}\" | base64 -d\n\n(You should delete the initial secret afterwards as suggested by the Getting Started Guide: https://argo-cd.readthedocs.io/en/stable/getting_started/#4-login-using-the-cli)\n",
                "revision": 10,
                "values": "{\"configs\":{\"params\":{\"server.disable.auth\":false,\"server.insecure\":false}},\"controller\":{\"metrics\":{\"enabled\":true}},\"server\":{\"metrics\":{\"enabled\":true},\"service\":{\"type\":\"LoadBalancer\"}}}",
                "version": "6.0.0"
              }
            ],
            "name": "argocd",
            "namespace": "argocd",
            "pass_credentials": false,
            "postrender": [],
            "recreate_pods": false,
            "render_subchart_notes": true,
            "replace": false,
            "repository": "https://argoproj.github.io/argo-helm",
            "repository_ca_file": null,
            "repository_cert_file": null,
            "repository_key_file": null,
            "repository_password": null,
            "repository_username": null,
            "reset_values": false,
            "reuse_values": false,
            "set": [],
            "set_list": [],
            "set_sensitive": [],
            "skip_crds": false,
            "status": "deployed",
            "timeout": 300,
            "upgrade_install": null,
            "values": [
              "# global:\n#   image:\n#     tag: \"v2.6.6\"\n\nconfigs: \n  params:\n    server.insecure: false\n    server.disable.auth: false\n\nserver:\n\n  service:\n    type: LoadBalancer\n  metrics: \n    enabled: true\n  # extraArgs:\n  # - --insecure\n\n# configs: \n#   metrics: true\n\ncontroller:\n  metrics:\n    enabled: true\n\n"
            ],
            "verify": false,
            "version": "6.0.0",
            "wait": true,
            "wait_for_jobs": false
          },
          "sensitive_attributes": [
            [
              {
                "type": "get_attr",
                "value": "repository_password"
              }
            ]
          ],
          "private": "eyJzY2hlbWFfdmVyc2lvbiI6IjEifQ=="
        }
      ]
    }
  ],
  "check_results": null
}
